Microsoft Visual Studio Solution File, Format Version 12.00
# Visual Studio Version 17
VisualStudioVersion = 17.5.2.0
MinimumVisualStudioVersion = 10.0.40219.1
Project("{FAE04EC0-301F-11D3-BF4B-00C04F79EFBC}") = "MudBlazorApp", "MudBlazorApp\MudBlazorApp.csproj", "{8E6F3ECE-167F-D125-E364-CBF2C583E05E}"
EndProject
Project("{FAE04EC0-301F-11D3-BF4B-00C04F79EFBC}") = "MudBlazorApp.Api", "MudBlazorApp.Api\MudBlazorApp.Api.csproj", "{2C04708F-CD3E-C948-DB3F-4F31A742CC30}"
EndProject
Project("{FAE04EC0-301F-11D3-BF4B-00C04F79EFBC}") = "MudBlazorMinimalApi", "MudBlazorMinimalApi\MudBlazorMinimalApi.csproj", "{585A74FC-1908-3E8C-0F19-BB22829AA3A4}"
EndProject
Global
	GlobalSection(SolutionConfigurationPlatforms) = preSolution
		Debug|Any CPU = Debug|Any CPU
		Release|Any CPU = Release|Any CPU
	EndGlobalSection
	GlobalSection(ProjectConfigurationPlatforms) = postSolution
		{8E6F3ECE-167F-D125-E364-CBF2C583E05E}.Debug|Any CPU.ActiveCfg = Debug|Any CPU
		{8E6F3ECE-167F-D125-E364-CBF2C583E05E}.Debug|Any CPU.Build.0 = Debug|Any CPU
		{8E6F3ECE-167F-D125-E364-CBF2C583E05E}.Release|Any CPU.ActiveCfg = Release|Any CPU
		{8E6F3ECE-167F-D125-E364-CBF2C583E05E}.Release|Any CPU.Build.0 = Release|Any CPU
		{2C04708F-CD3E-C948-DB3F-4F31A742CC30}.Debug|Any CPU.ActiveCfg = Debug|Any CPU
		{2C04708F-CD3E-C948-DB3F-4F31A742CC30}.Debug|Any CPU.Build.0 = Debug|Any CPU
		{2C04708F-CD3E-C948-DB3F-4F31A742CC30}.Release|Any CPU.ActiveCfg = Release|Any CPU
		{2C04708F-CD3E-C948-DB3F-4F31A742CC30}.Release|Any CPU.Build.0 = Release|Any CPU
		{585A74FC-1908-3E8C-0F19-BB22829AA3A4}.Debug|Any CPU.ActiveCfg = Debug|Any CPU
		{585A74FC-1908-3E8C-0F19-BB22829AA3A4}.Debug|Any CPU.Build.0 = Debug|Any CPU
		{585A74FC-1908-3E8C-0F19-BB22829AA3A4}.Release|Any CPU.ActiveCfg = Release|Any CPU
		{585A74FC-1908-3E8C-0F19-BB22829AA3A4}.Release|Any CPU.Build.0 = Release|Any CPU
	EndGlobalSection
	GlobalSection(SolutionProperties) = preSolution
		HideSolutionNode = FALSE
	EndGlobalSection
	GlobalSection(ExtensibilityGlobals) = postSolution
		SolutionGuid = {E79DA49A-99CF-4557-A50C-ED418FDFEBB9}
	EndGlobalSection
EndGlobal
